// !$*UTF8*$!
{
	archiveVersion = 1;
	classes = {
	};
	objectVersion = 46;
	objects = {

/* Begin PBXBuildFile section */
		4E00762B182CD97F003CA4C4 /* FavouritesViewController.m in Sources */ = {isa = PBXBuildFile; fileRef = 4E00762A182CD97F003CA4C4 /* FavouritesViewController.m */; };
		4E00762E182CE724003CA4C4 /* TourViewController.m in Sources */ = {isa = PBXBuildFile; fileRef = 4E00762D182CE724003CA4C4 /* TourViewController.m */; };
		4E007631182CE86C003CA4C4 /* TourDetailViewController.m in Sources */ = {isa = PBXBuildFile; fileRef = 4E007630182CE86C003CA4C4 /* TourDetailViewController.m */; };
		4E007633182CF0E0003CA4C4 /* 1.png in Resources */ = {isa = PBXBuildFile; fileRef = 4E007632182CF0E0003CA4C4 /* 1.png */; };
		4E007635182CF103003CA4C4 /* 3.png in Resources */ = {isa = PBXBuildFile; fileRef = 4E007634182CF103003CA4C4 /* 3.png */; };
		4E007637182CF1BE003CA4C4 /* 4.png in Resources */ = {isa = PBXBuildFile; fileRef = 4E007636182CF1BE003CA4C4 /* 4.png */; };
		4E3B7FC7183A3EC500F9F969 /* TourCategory.m in Sources */ = {isa = PBXBuildFile; fileRef = 4E3B7FC6183A3EC500F9F969 /* TourCategory.m */; };
		4E3B7FCA183AA1F900F9F969 /* POI.m in Sources */ = {isa = PBXBuildFile; fileRef = 4E3B7FC9183AA1F900F9F969 /* POI.m */; };
		4E3B7FD3183AA82A00F9F969 /* POICategory.m in Sources */ = {isa = PBXBuildFile; fileRef = 4E3B7FD2183AA82A00F9F969 /* POICategory.m */; };
		4E3B7FD6183AA90400F9F969 /* Tour.m in Sources */ = {isa = PBXBuildFile; fileRef = 4E3B7FD5183AA90400F9F969 /* Tour.m */; };
		4E3B7FD9183AADF900F9F969 /* Favourite.m in Sources */ = {isa = PBXBuildFile; fileRef = 4E3B7FD8183AADF900F9F969 /* Favourite.m */; };
		4E3B7FDC183AAEBD00F9F969 /* GeoPointTour.m in Sources */ = {isa = PBXBuildFile; fileRef = 4E3B7FDB183AAEBD00F9F969 /* GeoPointTour.m */; };
		4E5718A2184B8C49004FE39C /* number_1.png in Resources */ = {isa = PBXBuildFile; fileRef = 4E571898184B8C49004FE39C /* number_1.png */; };
		4E5718A3184B8C49004FE39C /* number_2.png in Resources */ = {isa = PBXBuildFile; fileRef = 4E571899184B8C49004FE39C /* number_2.png */; };
		4E5718A4184B8C49004FE39C /* number_3.png in Resources */ = {isa = PBXBuildFile; fileRef = 4E57189A184B8C49004FE39C /* number_3.png */; };
		4E5718A5184B8C49004FE39C /* number_4.png in Resources */ = {isa = PBXBuildFile; fileRef = 4E57189B184B8C49004FE39C /* number_4.png */; };
		4E5718A6184B8C49004FE39C /* number_5.png in Resources */ = {isa = PBXBuildFile; fileRef = 4E57189C184B8C49004FE39C /* number_5.png */; };
		4E5718A7184B8C49004FE39C /* number_6.png in Resources */ = {isa = PBXBuildFile; fileRef = 4E57189D184B8C49004FE39C /* number_6.png */; };
		4E5718A8184B8C49004FE39C /* number_7.png in Resources */ = {isa = PBXBuildFile; fileRef = 4E57189E184B8C49004FE39C /* number_7.png */; };
		4E5718A9184B8C49004FE39C /* number_8.png in Resources */ = {isa = PBXBuildFile; fileRef = 4E57189F184B8C49004FE39C /* number_8.png */; };
		4E5718AA184B8C49004FE39C /* number_9.png in Resources */ = {isa = PBXBuildFile; fileRef = 4E5718A0184B8C49004FE39C /* number_9.png */; };
		4E5718AB184B8C49004FE39C /* number_10.png in Resources */ = {isa = PBXBuildFile; fileRef = 4E5718A1184B8C49004FE39C /* number_10.png */; };
		4E5718B1184BB72D004FE39C /* icon@2x.png in Resources */ = {isa = PBXBuildFile; fileRef = 4E5718B0184BB72D004FE39C /* icon@2x.png */; };
		4E9B672D1845FA2A00DF74C9 /* lisbon_tours.jpg in Resources */ = {isa = PBXBuildFile; fileRef = 4E9B672B1845FA2A00DF74C9 /* lisbon_tours.jpg */; };
		4E9B672E1845FA2A00DF74C9 /* sintra_tours.jpg in Resources */ = {isa = PBXBuildFile; fileRef = 4E9B672C1845FA2A00DF74C9 /* sintra_tours.jpg */; };
		4E9B67311845FA6100DF74C9 /* lisbon_highlights.jpg in Resources */ = {isa = PBXBuildFile; fileRef = 4E9B672F1845FA6100DF74C9 /* lisbon_highlights.jpg */; };
		4E9B67321845FA6100DF74C9 /* sintra_palaces.jpg in Resources */ = {isa = PBXBuildFile; fileRef = 4E9B67301845FA6100DF74C9 /* sintra_palaces.jpg */; };
		4E9B67341845FAA400DF74C9 /* lisbon_belem.jpg in Resources */ = {isa = PBXBuildFile; fileRef = 4E9B67331845FAA400DF74C9 /* lisbon_belem.jpg */; };
		4E9B67381845FB4C00DF74C9 /* attraction.png in Resources */ = {isa = PBXBuildFile; fileRef = 4E9B67351845FB4C00DF74C9 /* attraction.png */; };
		4E9B67391845FB4C00DF74C9 /* food.gif in Resources */ = {isa = PBXBuildFile; fileRef = 4E9B67361845FB4C00DF74C9 /* food.gif */; };
		4E9B673A1845FB4C00DF74C9 /* hotel.jpg in Resources */ = {isa = PBXBuildFile; fileRef = 4E9B67371845FB4C00DF74C9 /* hotel.jpg */; };
		4E9B673C1845FC6600DF74C9 /* sao_jorge.jpg in Resources */ = {isa = PBXBuildFile; fileRef = 4E9B673B1845FC6600DF74C9 /* sao_jorge.jpg */; };
		4E9B673E1845FD0C00DF74C9 /* se.jpg in Resources */ = {isa = PBXBuildFile; fileRef = 4E9B673D1845FD0C00DF74C9 /* se.jpg */; };
		4E9B67401845FD6200DF74C9 /* rossio.jpg in Resources */ = {isa = PBXBuildFile; fileRef = 4E9B673F1845FD6200DF74C9 /* rossio.jpg */; };
		4E9B67421845FDC300DF74C9 /* gloria.jpg in Resources */ = {isa = PBXBuildFile; fileRef = 4E9B67411845FDC300DF74C9 /* gloria.jpg */; };
		4E9B67441845FE4A00DF74C9 /* ist.jpg in Resources */ = {isa = PBXBuildFile; fileRef = 4E9B67431845FE4A00DF74C9 /* ist.jpg */; };
		4E9B67461845FEA300DF74C9 /* bairro.jpg in Resources */ = {isa = PBXBuildFile; fileRef = 4E9B67451845FEA300DF74C9 /* bairro.jpg */; };
		4E9B67481846010700DF74C9 /* lisbon_wallpaper.jpg in Resources */ = {isa = PBXBuildFile; fileRef = 4E9B67471846010700DF74C9 /* lisbon_wallpaper.jpg */; };
		4E9B674B1846167100DF74C9 /* DBManager.m in Sources */ = {isa = PBXBuildFile; fileRef = 4E9B674A1846167100DF74C9 /* DBManager.m */; };
		4E9B674D1847459200DF74C9 /* next@2x.png in Resources */ = {isa = PBXBuildFile; fileRef = 4E9B674C1847459200DF74C9 /* next@2x.png */; };
		4E9B674F1847485100DF74C9 /* prev@2x.png in Resources */ = {isa = PBXBuildFile; fileRef = 4E9B674E1847485100DF74C9 /* prev@2x.png */; };
		4E9B67521847F5F300DF74C9 /* SearchViewController.m in Sources */ = {isa = PBXBuildFile; fileRef = 4E9B67511847F5F300DF74C9 /* SearchViewController.m */; };
		4EC9541F182BBD020065C93D /* Foundation.framework in Frameworks */ = {isa = PBXBuildFile; fileRef = 4EC9541E182BBD020065C93D /* Foundation.framework */; };
		4EC95421182BBD020065C93D /* CoreGraphics.framework in Frameworks */ = {isa = PBXBuildFile; fileRef = 4EC95420182BBD020065C93D /* CoreGraphics.framework */; };
		4EC95423182BBD020065C93D /* UIKit.framework in Frameworks */ = {isa = PBXBuildFile; fileRef = 4EC95422182BBD020065C93D /* UIKit.framework */; };
		4EC95429182BBD020065C93D /* InfoPlist.strings in Resources */ = {isa = PBXBuildFile; fileRef = 4EC95427182BBD020065C93D /* InfoPlist.strings */; };
		4EC9542B182BBD020065C93D /* main.m in Sources */ = {isa = PBXBuildFile; fileRef = 4EC9542A182BBD020065C93D /* main.m */; };
		4EC9542F182BBD020065C93D /* MA4TV2AppDelegate.m in Sources */ = {isa = PBXBuildFile; fileRef = 4EC9542E182BBD020065C93D /* MA4TV2AppDelegate.m */; };
		4EC95431182BBD020065C93D /* Images.xcassets in Resources */ = {isa = PBXBuildFile; fileRef = 4EC95430182BBD020065C93D /* Images.xcassets */; };
		4EC95438182BBD020065C93D /* XCTest.framework in Frameworks */ = {isa = PBXBuildFile; fileRef = 4EC95437182BBD020065C93D /* XCTest.framework */; };
		4EC95439182BBD020065C93D /* Foundation.framework in Frameworks */ = {isa = PBXBuildFile; fileRef = 4EC9541E182BBD020065C93D /* Foundation.framework */; };
		4EC9543A182BBD020065C93D /* UIKit.framework in Frameworks */ = {isa = PBXBuildFile; fileRef = 4EC95422182BBD020065C93D /* UIKit.framework */; };
		4EC95442182BBD020065C93D /* InfoPlist.strings in Resources */ = {isa = PBXBuildFile; fileRef = 4EC95440182BBD020065C93D /* InfoPlist.strings */; };
		4EC95444182BBD020065C93D /* MA4TV2Tests.m in Sources */ = {isa = PBXBuildFile; fileRef = 4EC95443182BBD020065C93D /* MA4TV2Tests.m */; };
		4EC95477182BBD4D0065C93D /* MainViewController.m in Sources */ = {isa = PBXBuildFile; fileRef = 4EC95468182BBD4D0065C93D /* MainViewController.m */; };
		4EC9547E182BBEE70065C93D /* 5.png in Resources */ = {isa = PBXBuildFile; fileRef = 4EC9547D182BBEE70065C93D /* 5.png */; };
		4EC95481182BD3440065C93D /* POIDetailViewController.m in Sources */ = {isa = PBXBuildFile; fileRef = 4EC95480182BD3440065C93D /* POIDetailViewController.m */; };
		4EC95487182BDDE90065C93D /* MapViewController.m in Sources */ = {isa = PBXBuildFile; fileRef = 4EC95485182BDDE90065C93D /* MapViewController.m */; };
		4EC95489182BDE5E0065C93D /* MapKit.framework in Frameworks */ = {isa = PBXBuildFile; fileRef = 4EC95488182BDE5E0065C93D /* MapKit.framework */; };
		4EC9548B182BDE850065C93D /* CoreLocation.framework in Frameworks */ = {isa = PBXBuildFile; fileRef = 4EC9548A182BDE850065C93D /* CoreLocation.framework */; };
		4ED6E9581834ED8C00AA56F1 /* libsqlite3.dylib in Frameworks */ = {isa = PBXBuildFile; fileRef = 4ED6E9571834ED8C00AA56F1 /* libsqlite3.dylib */; };
/* End PBXBuildFile section */

/* Begin PBXContainerItemProxy section */
		4EC9543B182BBD020065C93D /* PBXContainerItemProxy */ = {
			isa = PBXContainerItemProxy;
			containerPortal = 4EC95413182BBD020065C93D /* Project object */;
			proxyType = 1;
			remoteGlobalIDString = 4EC9541A182BBD020065C93D;
			remoteInfo = MA4TV2;
		};
/* End PBXContainerItemProxy section */

/* Begin PBXFileReference section */
		4E007629182CD97F003CA4C4 /* FavouritesViewController.h */ = {isa = PBXFileReference; fileEncoding = 4; lastKnownFileType = sourcecode.c.h; path = FavouritesViewController.h; sourceTree = "<group>"; };
		4E00762A182CD97F003CA4C4 /* FavouritesViewController.m */ = {isa = PBXFileReference; fileEncoding = 4; lastKnownFileType = sourcecode.c.objc; path = FavouritesViewController.m; sourceTree = "<group>"; };
		4E00762C182CE724003CA4C4 /* TourViewController.h */ = {isa = PBXFileReference; fileEncoding = 4; lastKnownFileType = sourcecode.c.h; path = TourViewController.h; sourceTree = "<group>"; };
		4E00762D182CE724003CA4C4 /* TourViewController.m */ = {isa = PBXFileReference; fileEncoding = 4; lastKnownFileType = sourcecode.c.objc; path = TourViewController.m; sourceTree = "<group>"; };
		4E00762F182CE86C003CA4C4 /* TourDetailViewController.h */ = {isa = PBXFileReference; fileEncoding = 4; lastKnownFileType = sourcecode.c.h; path = TourDetailViewController.h; sourceTree = "<group>"; };
		4E007630182CE86C003CA4C4 /* TourDetailViewController.m */ = {isa = PBXFileReference; fileEncoding = 4; lastKnownFileType = sourcecode.c.objc; path = TourDetailViewController.m; sourceTree = "<group>"; };
		4E007632182CF0E0003CA4C4 /* 1.png */ = {isa = PBXFileReference; lastKnownFileType = image.png; path = 1.png; sourceTree = "<group>"; };
		4E007634182CF103003CA4C4 /* 3.png */ = {isa = PBXFileReference; lastKnownFileType = image.png; path = 3.png; sourceTree = "<group>"; };
		4E007636182CF1BE003CA4C4 /* 4.png */ = {isa = PBXFileReference; lastKnownFileType = image.png; path = 4.png; sourceTree = "<group>"; };
		4E3B7FC5183A3EC500F9F969 /* TourCategory.h */ = {isa = PBXFileReference; fileEncoding = 4; lastKnownFileType = sourcecode.c.h; path = TourCategory.h; sourceTree = "<group>"; };
		4E3B7FC6183A3EC500F9F969 /* TourCategory.m */ = {isa = PBXFileReference; fileEncoding = 4; lastKnownFileType = sourcecode.c.objc; path = TourCategory.m; sourceTree = "<group>"; };
		4E3B7FC8183AA1F900F9F969 /* POI.h */ = {isa = PBXFileReference; fileEncoding = 4; lastKnownFileType = sourcecode.c.h; path = POI.h; sourceTree = "<group>"; };
		4E3B7FC9183AA1F900F9F969 /* POI.m */ = {isa = PBXFileReference; fileEncoding = 4; lastKnownFileType = sourcecode.c.objc; path = POI.m; sourceTree = "<group>"; };
		4E3B7FD1183AA82A00F9F969 /* POICategory.h */ = {isa = PBXFileReference; fileEncoding = 4; lastKnownFileType = sourcecode.c.h; name = POICategory.h; path = ../POICategory.h; sourceTree = "<group>"; };
		4E3B7FD2183AA82A00F9F969 /* POICategory.m */ = {isa = PBXFileReference; fileEncoding = 4; lastKnownFileType = sourcecode.c.objc; name = POICategory.m; path = ../POICategory.m; sourceTree = "<group>"; };
		4E3B7FD4183AA90400F9F969 /* Tour.h */ = {isa = PBXFileReference; fileEncoding = 4; lastKnownFileType = sourcecode.c.h; path = Tour.h; sourceTree = "<group>"; };
		4E3B7FD5183AA90400F9F969 /* Tour.m */ = {isa = PBXFileReference; fileEncoding = 4; lastKnownFileType = sourcecode.c.objc; path = Tour.m; sourceTree = "<group>"; };
		4E3B7FD7183AADF900F9F969 /* Favourite.h */ = {isa = PBXFileReference; fileEncoding = 4; lastKnownFileType = sourcecode.c.h; path = Favourite.h; sourceTree = "<group>"; };
		4E3B7FD8183AADF900F9F969 /* Favourite.m */ = {isa = PBXFileReference; fileEncoding = 4; lastKnownFileType = sourcecode.c.objc; path = Favourite.m; sourceTree = "<group>"; };
		4E3B7FDA183AAEBD00F9F969 /* GeoPointTour.h */ = {isa = PBXFileReference; fileEncoding = 4; lastKnownFileType = sourcecode.c.h; path = GeoPointTour.h; sourceTree = "<group>"; };
		4E3B7FDB183AAEBD00F9F969 /* GeoPointTour.m */ = {isa = PBXFileReference; fileEncoding = 4; lastKnownFileType = sourcecode.c.objc; path = GeoPointTour.m; sourceTree = "<group>"; };
		4E571898184B8C49004FE39C /* number_1.png */ = {isa = PBXFileReference; lastKnownFileType = image.png; path = number_1.png; sourceTree = "<group>"; };
		4E571899184B8C49004FE39C /* number_2.png */ = {isa = PBXFileReference; lastKnownFileType = image.png; path = number_2.png; sourceTree = "<group>"; };
		4E57189A184B8C49004FE39C /* number_3.png */ = {isa = PBXFileReference; lastKnownFileType = image.png; path = number_3.png; sourceTree = "<group>"; };
		4E57189B184B8C49004FE39C /* number_4.png */ = {isa = PBXFileReference; lastKnownFileType = image.png; path = number_4.png; sourceTree = "<group>"; };
		4E57189C184B8C49004FE39C /* number_5.png */ = {isa = PBXFileReference; lastKnownFileType = image.png; path = number_5.png; sourceTree = "<group>"; };
		4E57189D184B8C49004FE39C /* number_6.png */ = {isa = PBXFileReference; lastKnownFileType = image.png; path = number_6.png; sourceTree = "<group>"; };
		4E57189E184B8C49004FE39C /* number_7.png */ = {isa = PBXFileReference; lastKnownFileType = image.png; path = number_7.png; sourceTree = "<group>"; };
		4E57189F184B8C49004FE39C /* number_8.png */ = {isa = PBXFileReference; lastKnownFileType = image.png; path = number_8.png; sourceTree = "<group>"; };
		4E5718A0184B8C49004FE39C /* number_9.png */ = {isa = PBXFileReference; lastKnownFileType = image.png; path = number_9.png; sourceTree = "<group>"; };
		4E5718A1184B8C49004FE39C /* number_10.png */ = {isa = PBXFileReference; lastKnownFileType = image.png; path = number_10.png; sourceTree = "<group>"; };
		4E5718B0184BB72D004FE39C /* icon@2x.png */ = {isa = PBXFileReference; lastKnownFileType = image.png; path = "icon@2x.png"; sourceTree = "<group>"; };
		4E9B672B1845FA2A00DF74C9 /* lisbon_tours.jpg */ = {isa = PBXFileReference; lastKnownFileType = image.jpeg; path = lisbon_tours.jpg; sourceTree = "<group>"; };
		4E9B672C1845FA2A00DF74C9 /* sintra_tours.jpg */ = {isa = PBXFileReference; lastKnownFileType = image.jpeg; path = sintra_tours.jpg; sourceTree = "<group>"; };
		4E9B672F1845FA6100DF74C9 /* lisbon_highlights.jpg */ = {isa = PBXFileReference; lastKnownFileType = image.jpeg; path = lisbon_highlights.jpg; sourceTree = "<group>"; };
		4E9B67301845FA6100DF74C9 /* sintra_palaces.jpg */ = {isa = PBXFileReference; lastKnownFileType = image.jpeg; path = sintra_palaces.jpg; sourceTree = "<group>"; };
		4E9B67331845FAA400DF74C9 /* lisbon_belem.jpg */ = {isa = PBXFileReference; lastKnownFileType = image.jpeg; path = lisbon_belem.jpg; sourceTree = "<group>"; };
		4E9B67351845FB4C00DF74C9 /* attraction.png */ = {isa = PBXFileReference; lastKnownFileType = image.png; path = attraction.png; sourceTree = "<group>"; };
		4E9B67361845FB4C00DF74C9 /* food.gif */ = {isa = PBXFileReference; lastKnownFileType = image.gif; path = food.gif; sourceTree = "<group>"; };
		4E9B67371845FB4C00DF74C9 /* hotel.jpg */ = {isa = PBXFileReference; lastKnownFileType = image.jpeg; path = hotel.jpg; sourceTree = "<group>"; };
		4E9B673B1845FC6600DF74C9 /* sao_jorge.jpg */ = {isa = PBXFileReference; lastKnownFileType = image.jpeg; path = sao_jorge.jpg; sourceTree = "<group>"; };
		4E9B673D1845FD0C00DF74C9 /* se.jpg */ = {isa = PBXFileReference; lastKnownFileType = image.jpeg; path = se.jpg; sourceTree = "<group>"; };
		4E9B673F1845FD6200DF74C9 /* rossio.jpg */ = {isa = PBXFileReference; lastKnownFileType = image.jpeg; path = rossio.jpg; sourceTree = "<group>"; };
		4E9B67411845FDC300DF74C9 /* gloria.jpg */ = {isa = PBXFileReference; lastKnownFileType = image.jpeg; path = gloria.jpg; sourceTree = "<group>"; };
		4E9B67431845FE4A00DF74C9 /* ist.jpg */ = {isa = PBXFileReference; lastKnownFileType = image.jpeg; path = ist.jpg; sourceTree = "<group>"; };
		4E9B67451845FEA300DF74C9 /* bairro.jpg */ = {isa = PBXFileReference; lastKnownFileType = image.jpeg; path = bairro.jpg; sourceTree = "<group>"; };
		4E9B67471846010700DF74C9 /* lisbon_wallpaper.jpg */ = {isa = PBXFileReference; lastKnownFileType = image.jpeg; path = lisbon_wallpaper.jpg; sourceTree = "<group>"; };
		4E9B67491846167100DF74C9 /* DBManager.h */ = {isa = PBXFileReference; fileEncoding = 4; lastKnownFileType = sourcecode.c.h; path = DBManager.h; sourceTree = "<group>"; };
		4E9B674A1846167100DF74C9 /* DBManager.m */ = {isa = PBXFileReference; fileEncoding = 4; lastKnownFileType = sourcecode.c.objc; path = DBManager.m; sourceTree = "<group>"; };
		4E9B674C1847459200DF74C9 /* next@2x.png */ = {isa = PBXFileReference; lastKnownFileType = image.png; path = "next@2x.png"; sourceTree = "<group>"; };
		4E9B674E1847485100DF74C9 /* prev@2x.png */ = {isa = PBXFileReference; lastKnownFileType = image.png; path = "prev@2x.png"; sourceTree = "<group>"; };
		4E9B67501847F5F300DF74C9 /* SearchViewController.h */ = {isa = PBXFileReference; fileEncoding = 4; lastKnownFileType = sourcecode.c.h; path = SearchViewController.h; sourceTree = "<group>"; };
		4E9B67511847F5F300DF74C9 /* SearchViewController.m */ = {isa = PBXFileReference; fileEncoding = 4; lastKnownFileType = sourcecode.c.objc; path = SearchViewController.m; sourceTree = "<group>"; };
		4EC9541B182BBD020065C93D /* MA4TV2.app */ = {isa = PBXFileReference; explicitFileType = wrapper.application; includeInIndex = 0; path = MA4TV2.app; sourceTree = BUILT_PRODUCTS_DIR; };
		4EC9541E182BBD020065C93D /* Foundation.framework */ = {isa = PBXFileReference; lastKnownFileType = wrapper.framework; name = Foundation.framework; path = System/Library/Frameworks/Foundation.framework; sourceTree = SDKROOT; };
		4EC95420182BBD020065C93D /* CoreGraphics.framework */ = {isa = PBXFileReference; lastKnownFileType = wrapper.framework; name = CoreGraphics.framework; path = System/Library/Frameworks/CoreGraphics.framework; sourceTree = SDKROOT; };
		4EC95422182BBD020065C93D /* UIKit.framework */ = {isa = PBXFileReference; lastKnownFileType = wrapper.framework; name = UIKit.framework; path = System/Library/Frameworks/UIKit.framework; sourceTree = SDKROOT; };
		4EC95426182BBD020065C93D /* MA4TV2-Info.plist */ = {isa = PBXFileReference; lastKnownFileType = text.plist.xml; path = "MA4TV2-Info.plist"; sourceTree = "<group>"; };
		4EC95428182BBD020065C93D /* en */ = {isa = PBXFileReference; lastKnownFileType = text.plist.strings; name = en; path = en.lproj/InfoPlist.strings; sourceTree = "<group>"; };
		4EC9542A182BBD020065C93D /* main.m */ = {isa = PBXFileReference; lastKnownFileType = sourcecode.c.objc; path = main.m; sourceTree = "<group>"; };
		4EC9542C182BBD020065C93D /* MA4TV2-Prefix.pch */ = {isa = PBXFileReference; lastKnownFileType = sourcecode.c.h; path = "MA4TV2-Prefix.pch"; sourceTree = "<group>"; };
		4EC9542D182BBD020065C93D /* MA4TV2AppDelegate.h */ = {isa = PBXFileReference; lastKnownFileType = sourcecode.c.h; path = MA4TV2AppDelegate.h; sourceTree = "<group>"; };
		4EC9542E182BBD020065C93D /* MA4TV2AppDelegate.m */ = {isa = PBXFileReference; lastKnownFileType = sourcecode.c.objc; path = MA4TV2AppDelegate.m; sourceTree = "<group>"; };
		4EC95430182BBD020065C93D /* Images.xcassets */ = {isa = PBXFileReference; lastKnownFileType = folder.assetcatalog; path = Images.xcassets; sourceTree = "<group>"; };
		4EC95436182BBD020065C93D /* MA4TV2Tests.xctest */ = {isa = PBXFileReference; explicitFileType = wrapper.cfbundle; includeInIndex = 0; path = MA4TV2Tests.xctest; sourceTree = BUILT_PRODUCTS_DIR; };
		4EC95437182BBD020065C93D /* XCTest.framework */ = {isa = PBXFileReference; lastKnownFileType = wrapper.framework; name = XCTest.framework; path = Library/Frameworks/XCTest.framework; sourceTree = DEVELOPER_DIR; };
		4EC9543F182BBD020065C93D /* MA4TV2Tests-Info.plist */ = {isa = PBXFileReference; lastKnownFileType = text.plist.xml; path = "MA4TV2Tests-Info.plist"; sourceTree = "<group>"; };
		4EC95441182BBD020065C93D /* en */ = {isa = PBXFileReference; lastKnownFileType = text.plist.strings; name = en; path = en.lproj/InfoPlist.strings; sourceTree = "<group>"; };
		4EC95443182BBD020065C93D /* MA4TV2Tests.m */ = {isa = PBXFileReference; lastKnownFileType = sourcecode.c.objc; path = MA4TV2Tests.m; sourceTree = "<group>"; };
		4EC95468182BBD4D0065C93D /* MainViewController.m */ = {isa = PBXFileReference; fileEncoding = 4; lastKnownFileType = sourcecode.c.objc; path = MainViewController.m; sourceTree = "<group>"; };
		4EC95474182BBD4D0065C93D /* MainViewController.h */ = {isa = PBXFileReference; fileEncoding = 4; lastKnownFileType = sourcecode.c.h; path = MainViewController.h; sourceTree = "<group>"; };
		4EC9547D182BBEE70065C93D /* 5.png */ = {isa = PBXFileReference; lastKnownFileType = image.png; path = 5.png; sourceTree = "<group>"; };
		4EC9547F182BD3440065C93D /* POIDetailViewController.h */ = {isa = PBXFileReference; fileEncoding = 4; lastKnownFileType = sourcecode.c.h; path = POIDetailViewController.h; sourceTree = "<group>"; };
		4EC95480182BD3440065C93D /* POIDetailViewController.m */ = {isa = PBXFileReference; fileEncoding = 4; lastKnownFileType = sourcecode.c.objc; path = POIDetailViewController.m; sourceTree = "<group>"; };
		4EC95485182BDDE90065C93D /* MapViewController.m */ = {isa = PBXFileReference; fileEncoding = 4; lastKnownFileType = sourcecode.c.objc; path = MapViewController.m; sourceTree = "<group>"; };
		4EC95486182BDDE90065C93D /* MapViewController.h */ = {isa = PBXFileReference; fileEncoding = 4; lastKnownFileType = sourcecode.c.h; path = MapViewController.h; sourceTree = "<group>"; };
		4EC95488182BDE5E0065C93D /* MapKit.framework */ = {isa = PBXFileReference; lastKnownFileType = wrapper.framework; name = MapKit.framework; path = System/Library/Frameworks/MapKit.framework; sourceTree = SDKROOT; };
		4EC9548A182BDE850065C93D /* CoreLocation.framework */ = {isa = PBXFileReference; lastKnownFileType = wrapper.framework; name = CoreLocation.framework; path = System/Library/Frameworks/CoreLocation.framework; sourceTree = SDKROOT; };
		4ED6E9571834ED8C00AA56F1 /* libsqlite3.dylib */ = {isa = PBXFileReference; lastKnownFileType = "compiled.mach-o.dylib"; name = libsqlite3.dylib; path = usr/lib/libsqlite3.dylib; sourceTree = SDKROOT; };
/* End PBXFileReference section */

/* Begin PBXFrameworksBuildPhase section */
		4EC95418182BBD020065C93D /* Frameworks */ = {
			isa = PBXFrameworksBuildPhase;
			buildActionMask = 2147483647;
			files = (
				4ED6E9581834ED8C00AA56F1 /* libsqlite3.dylib in Frameworks */,
				4EC9548B182BDE850065C93D /* CoreLocation.framework in Frameworks */,
				4EC95489182BDE5E0065C93D /* MapKit.framework in Frameworks */,
				4EC95421182BBD020065C93D /* CoreGraphics.framework in Frameworks */,
				4EC95423182BBD020065C93D /* UIKit.framework in Frameworks */,
				4EC9541F182BBD020065C93D /* Foundation.framework in Frameworks */,
			);
			runOnlyForDeploymentPostprocessing = 0;
		};
		4EC95433182BBD020065C93D /* Frameworks */ = {
			isa = PBXFrameworksBuildPhase;
			buildActionMask = 2147483647;
			files = (
				4EC95438182BBD020065C93D /* XCTest.framework in Frameworks */,
				4EC9543A182BBD020065C93D /* UIKit.framework in Frameworks */,
				4EC95439182BBD020065C93D /* Foundation.framework in Frameworks */,
			);
			runOnlyForDeploymentPostprocessing = 0;
		};
/* End PBXFrameworksBuildPhase section */

/* Begin PBXGroup section */
		4E007638182CF34E003CA4C4 /* images */ = {
			isa = PBXGroup;
			children = (
				4E571898184B8C49004FE39C /* number_1.png */,
				4E571899184B8C49004FE39C /* number_2.png */,
				4E57189A184B8C49004FE39C /* number_3.png */,
				4E57189B184B8C49004FE39C /* number_4.png */,
				4E57189C184B8C49004FE39C /* number_5.png */,
				4E57189D184B8C49004FE39C /* number_6.png */,
				4E57189E184B8C49004FE39C /* number_7.png */,
				4E57189F184B8C49004FE39C /* number_8.png */,
				4E5718A0184B8C49004FE39C /* number_9.png */,
				4E5718A1184B8C49004FE39C /* number_10.png */,
				4E9B674C1847459200DF74C9 /* next@2x.png */,
				4E9B674E1847485100DF74C9 /* prev@2x.png */,
				4E9B67451845FEA300DF74C9 /* bairro.jpg */,
				4E9B67431845FE4A00DF74C9 /* ist.jpg */,
				4E9B673B1845FC6600DF74C9 /* sao_jorge.jpg */,
				4E9B67351845FB4C00DF74C9 /* attraction.png */,
				4E9B67361845FB4C00DF74C9 /* food.gif */,
				4E9B67371845FB4C00DF74C9 /* hotel.jpg */,
				4E9B67331845FAA400DF74C9 /* lisbon_belem.jpg */,
				4E9B672F1845FA6100DF74C9 /* lisbon_highlights.jpg */,
				4E9B67301845FA6100DF74C9 /* sintra_palaces.jpg */,
				4E9B672B1845FA2A00DF74C9 /* lisbon_tours.jpg */,
				4E9B672C1845FA2A00DF74C9 /* sintra_tours.jpg */,
				4E9B67471846010700DF74C9 /* lisbon_wallpaper.jpg */,
				4E9B673F1845FD6200DF74C9 /* rossio.jpg */,
				4E9B67411845FDC300DF74C9 /* gloria.jpg */,
				4E007634182CF103003CA4C4 /* 3.png */,
				4E007632182CF0E0003CA4C4 /* 1.png */,
				4E9B673D1845FD0C00DF74C9 /* se.jpg */,
				4E007636182CF1BE003CA4C4 /* 4.png */,
				4EC9547D182BBEE70065C93D /* 5.png */,
			);
			name = images;
			sourceTree = "<group>";
		};
		4EC95412182BBD020065C93D = {
			isa = PBXGroup;
			children = (
				4EC95424182BBD020065C93D /* MA4TV2 */,
				4EC9543D182BBD020065C93D /* MA4TV2Tests */,
				4EC9541D182BBD020065C93D /* Frameworks */,
				4EC9541C182BBD020065C93D /* Products */,
			);
			sourceTree = "<group>";
		};
		4EC9541C182BBD020065C93D /* Products */ = {
			isa = PBXGroup;
			children = (
				4EC9541B182BBD020065C93D /* MA4TV2.app */,
				4EC95436182BBD020065C93D /* MA4TV2Tests.xctest */,
			);
			name = Products;
			sourceTree = "<group>";
		};
		4EC9541D182BBD020065C93D /* Frameworks */ = {
			isa = PBXGroup;
			children = (
				4ED6E9571834ED8C00AA56F1 /* libsqlite3.dylib */,
				4EC9548A182BDE850065C93D /* CoreLocation.framework */,
				4EC95488182BDE5E0065C93D /* MapKit.framework */,
				4EC9541E182BBD020065C93D /* Foundation.framework */,
				4EC95420182BBD020065C93D /* CoreGraphics.framework */,
				4EC95422182BBD020065C93D /* UIKit.framework */,
				4EC95437182BBD020065C93D /* XCTest.framework */,
			);
			name = Frameworks;
			sourceTree = "<group>";
		};
		4EC95424182BBD020065C93D /* MA4TV2 */ = {
			isa = PBXGroup;
			children = (
				4E007638182CF34E003CA4C4 /* images */,
				4EC9542D182BBD020065C93D /* MA4TV2AppDelegate.h */,
				4EC9542E182BBD020065C93D /* MA4TV2AppDelegate.m */,
				4E9B67491846167100DF74C9 /* DBManager.h */,
				4E9B674A1846167100DF74C9 /* DBManager.m */,
				4E3B7FDA183AAEBD00F9F969 /* GeoPointTour.h */,
				4E3B7FDB183AAEBD00F9F969 /* GeoPointTour.m */,
				4E3B7FD7183AADF900F9F969 /* Favourite.h */,
				4E3B7FD8183AADF900F9F969 /* Favourite.m */,
				4E3B7FD4183AA90400F9F969 /* Tour.h */,
				4E3B7FD5183AA90400F9F969 /* Tour.m */,
				4E3B7FC8183AA1F900F9F969 /* POI.h */,
				4E3B7FC9183AA1F900F9F969 /* POI.m */,
				4E3B7FD1183AA82A00F9F969 /* POICategory.h */,
				4E3B7FD2183AA82A00F9F969 /* POICategory.m */,
				4E3B7FC5183A3EC500F9F969 /* TourCategory.h */,
				4E3B7FC6183A3EC500F9F969 /* TourCategory.m */,
				4EC95474182BBD4D0065C93D /* MainViewController.h */,
				4EC95468182BBD4D0065C93D /* MainViewController.m */,
				4E007629182CD97F003CA4C4 /* FavouritesViewController.h */,
				4E00762A182CD97F003CA4C4 /* FavouritesViewController.m */,
				4EC95486182BDDE90065C93D /* MapViewController.h */,
				4EC95485182BDDE90065C93D /* MapViewController.m */,
				4E9B67501847F5F300DF74C9 /* SearchViewController.h */,
				4E9B67511847F5F300DF74C9 /* SearchViewController.m */,
				4EC9547F182BD3440065C93D /* POIDetailViewController.h */,
				4EC95480182BD3440065C93D /* POIDetailViewController.m */,
				4E00762C182CE724003CA4C4 /* TourViewController.h */,
				4E00762D182CE724003CA4C4 /* TourViewController.m */,
				4E00762F182CE86C003CA4C4 /* TourDetailViewController.h */,
				4E007630182CE86C003CA4C4 /* TourDetailViewController.m */,
				4EC95430182BBD020065C93D /* Images.xcassets */,
				4EC95425182BBD020065C93D /* Supporting Files */,
			);
			path = MA4TV2;
			sourceTree = "<group>";
		};
		4EC95425182BBD020065C93D /* Supporting Files */ = {
			isa = PBXGroup;
			children = (
				4E5718B0184BB72D004FE39C /* icon@2x.png */,
				4EC95426182BBD020065C93D /* MA4TV2-Info.plist */,
				4EC95427182BBD020065C93D /* InfoPlist.strings */,
				4EC9542A182BBD020065C93D /* main.m */,
				4EC9542C182BBD020065C93D /* MA4TV2-Prefix.pch */,
			);
			name = "Supporting Files";
			sourceTree = "<group>";
		};
		4EC9543D182BBD020065C93D /* MA4TV2Tests */ = {
			isa = PBXGroup;
			children = (
				4EC95443182BBD020065C93D /* MA4TV2Tests.m */,
				4EC9543E182BBD020065C93D /* Supporting Files */,
			);
			path = MA4TV2Tests;
			sourceTree = "<group>";
		};
		4EC9543E182BBD020065C93D /* Supporting Files */ = {
			isa = PBXGroup;
			children = (
				4EC9543F182BBD020065C93D /* MA4TV2Tests-Info.plist */,
				4EC95440182BBD020065C93D /* InfoPlist.strings */,
			);
			name = "Supporting Files";
			sourceTree = "<group>";
		};
/* End PBXGroup section */

/* Begin PBXNativeTarget section */
		4EC9541A182BBD020065C93D /* MA4TV2 */ = {
			isa = PBXNativeTarget;
			buildConfigurationList = 4EC95447182BBD020065C93D /* Build configuration list for PBXNativeTarget "MA4TV2" */;
			buildPhases = (
				4EC95417182BBD020065C93D /* Sources */,
				4EC95418182BBD020065C93D /* Frameworks */,
				4EC95419182BBD020065C93D /* Resources */,
			);
			buildRules = (
			);
			dependencies = (
			);
			name = MA4TV2;
			productName = MA4TV2;
			productReference = 4EC9541B182BBD020065C93D /* MA4TV2.app */;
			productType = "com.apple.product-type.application";
		};
		4EC95435182BBD020065C93D /* MA4TV2Tests */ = {
			isa = PBXNativeTarget;
			buildConfigurationList = 4EC9544A182BBD020065C93D /* Build configuration list for PBXNativeTarget "MA4TV2Tests" */;
			buildPhases = (
				4EC95432182BBD020065C93D /* Sources */,
				4EC95433182BBD020065C93D /* Frameworks */,
				4EC95434182BBD020065C93D /* Resources */,
			);
			buildRules = (
			);
			dependencies = (
				4EC9543C182BBD020065C93D /* PBXTargetDependency */,
			);
			name = MA4TV2Tests;
			productName = MA4TV2Tests;
			productReference = 4EC95436182BBD020065C93D /* MA4TV2Tests.xctest */;
			productType = "com.apple.product-type.bundle.unit-test";
		};
/* End PBXNativeTarget section */

/* Begin PBXProject section */
		4EC95413182BBD020065C93D /* Project object */ = {
			isa = PBXProject;
			attributes = {
				CLASSPREFIX = MA4TV2;
				LastUpgradeCheck = 0500;
				ORGANIZATIONNAME = "Mats Sandvoll";
				TargetAttributes = {
					4EC9541A182BBD020065C93D = {
						DevelopmentTeam = 75WP5Y65NV;
					};
					4EC95435182BBD020065C93D = {
						TestTargetID = 4EC9541A182BBD020065C93D;
					};
				};
			};
			buildConfigurationList = 4EC95416182BBD020065C93D /* Build configuration list for PBXProject "MA4TV2" */;
			compatibilityVersion = "Xcode 3.2";
			developmentRegion = English;
			hasScannedForEncodings = 0;
			knownRegions = (
				en,
			);
			mainGroup = 4EC95412182BBD020065C93D;
			productRefGroup = 4EC9541C182BBD020065C93D /* Products */;
			projectDirPath = "";
			projectRoot = "";
			targets = (
				4EC9541A182BBD020065C93D /* MA4TV2 */,
				4EC95435182BBD020065C93D /* MA4TV2Tests */,
			);
		};
/* End PBXProject section */

/* Begin PBXResourcesBuildPhase section */
		4EC95419182BBD020065C93D /* Resources */ = {
			isa = PBXResourcesBuildPhase;
			buildActionMask = 2147483647;
			files = (
				4E5718AA184B8C49004FE39C /* number_9.png in Resources */,
				4E9B67401845FD6200DF74C9 /* rossio.jpg in Resources */,
				4E9B673C1845FC6600DF74C9 /* sao_jorge.jpg in Resources */,
				4E5718B1184BB72D004FE39C /* icon@2x.png in Resources */,
				4E007637182CF1BE003CA4C4 /* 4.png in Resources */,
				4E007635182CF103003CA4C4 /* 3.png in Resources */,
				4E9B67461845FEA300DF74C9 /* bairro.jpg in Resources */,
				4E5718AB184B8C49004FE39C /* number_10.png in Resources */,
				4EC9547E182BBEE70065C93D /* 5.png in Resources */,
				4E5718A4184B8C49004FE39C /* number_3.png in Resources */,
				4E007633182CF0E0003CA4C4 /* 1.png in Resources */,
				4E9B674D1847459200DF74C9 /* next@2x.png in Resources */,
				4E9B67391845FB4C00DF74C9 /* food.gif in Resources */,
				4E5718A9184B8C49004FE39C /* number_8.png in Resources */,
				4E5718A8184B8C49004FE39C /* number_7.png in Resources */,
				4E5718A7184B8C49004FE39C /* number_6.png in Resources */,
				4E9B67311845FA6100DF74C9 /* lisbon_highlights.jpg in Resources */,
				4E9B67441845FE4A00DF74C9 /* ist.jpg in Resources */,
				4E9B672E1845FA2A00DF74C9 /* sintra_tours.jpg in Resources */,
				4EC95429182BBD020065C93D /* InfoPlist.strings in Resources */,
				4E9B672D1845FA2A00DF74C9 /* lisbon_tours.jpg in Resources */,
				4E9B67421845FDC300DF74C9 /* gloria.jpg in Resources */,
				4E5718A6184B8C49004FE39C /* number_5.png in Resources */,
				4E5718A5184B8C49004FE39C /* number_4.png in Resources */,
				4E9B674F1847485100DF74C9 /* prev@2x.png in Resources */,
				4E5718A2184B8C49004FE39C /* number_1.png in Resources */,
				4E9B67321845FA6100DF74C9 /* sintra_palaces.jpg in Resources */,
				4E9B673A1845FB4C00DF74C9 /* hotel.jpg in Resources */,
				4EC95431182BBD020065C93D /* Images.xcassets in Resources */,
				4E5718A3184B8C49004FE39C /* number_2.png in Resources */,
				4E9B673E1845FD0C00DF74C9 /* se.jpg in Resources */,
				4E9B67381845FB4C00DF74C9 /* attraction.png in Resources */,
				4E9B67481846010700DF74C9 /* lisbon_wallpaper.jpg in Resources */,
				4E9B67341845FAA400DF74C9 /* lisbon_belem.jpg in Resources */,
			);
			runOnlyForDeploymentPostprocessing = 0;
		};
		4EC95434182BBD020065C93D /* Resources */ = {
			isa = PBXResourcesBuildPhase;
			buildActionMask = 2147483647;
			files = (
				4EC95442182BBD020065C93D /* InfoPlist.strings in Resources */,
			);
			runOnlyForDeploymentPostprocessing = 0;
		};
/* End PBXResourcesBuildPhase section */

/* Begin PBXSourcesBuildPhase section */
		4EC95417182BBD020065C93D /* Sources */ = {
			isa = PBXSourcesBuildPhase;
			buildActionMask = 2147483647;
			files = (
				4E3B7FD6183AA90400F9F969 /* Tour.m in Sources */,
				4E3B7FCA183AA1F900F9F969 /* POI.m in Sources */,
				4E007631182CE86C003CA4C4 /* TourDetailViewController.m in Sources */,
				4E3B7FD3183AA82A00F9F969 /* POICategory.m in Sources */,
				4E9B67521847F5F300DF74C9 /* SearchViewController.m in Sources */,
				4EC95481182BD3440065C93D /* POIDetailViewController.m in Sources */,
				4EC95487182BDDE90065C93D /* MapViewController.m in Sources */,
				4E9B674B1846167100DF74C9 /* DBManager.m in Sources */,
				4E3B7FD9183AADF900F9F969 /* Favourite.m in Sources */,
				4EC9542F182BBD020065C93D /* MA4TV2AppDelegate.m in Sources */,
				4E3B7FDC183AAEBD00F9F969 /* GeoPointTour.m in Sources */,
				4E00762E182CE724003CA4C4 /* TourViewController.m in Sources */,
				4EC95477182BBD4D0065C93D /* MainViewController.m in Sources */,
				4E00762B182CD97F003CA4C4 /* FavouritesViewController.m in Sources */,
				4EC9542B182BBD020065C93D /* main.m in Sources */,
				4E3B7FC7183A3EC500F9F969 /* TourCategory.m in Sources */,
			);
			runOnlyForDeploymentPostprocessing = 0;
		};
		4EC95432182BBD020065C93D /* Sources */ = {
			isa = PBXSourcesBuildPhase;
			buildActionMask = 2147483647;
			files = (
				4EC95444182BBD020065C93D /* MA4TV2Tests.m in Sources */,
			);
			runOnlyForDeploymentPostprocessing = 0;
		};
/* End PBXSourcesBuildPhase section */

/* Begin PBXTargetDependency section */
		4EC9543C182BBD020065C93D /* PBXTargetDependency */ = {
			isa = PBXTargetDependency;
			target = 4EC9541A182BBD020065C93D /* MA4TV2 */;
			targetProxy = 4EC9543B182BBD020065C93D /* PBXContainerItemProxy */;
		};
/* End PBXTargetDependency section */

/* Begin PBXVariantGroup section */
		4EC95427182BBD020065C93D /* InfoPlist.strings */ = {
			isa = PBXVariantGroup;
			children = (
				4EC95428182BBD020065C93D /* en */,
			);
			name = InfoPlist.strings;
			sourceTree = "<group>";
		};
		4EC95440182BBD020065C93D /* InfoPlist.strings */ = {
			isa = PBXVariantGroup;
			children = (
				4EC95441182BBD020065C93D /* en */,
			);
			name = InfoPlist.strings;
			sourceTree = "<group>";
		};
/* End PBXVariantGroup section */

/* Begin XCBuildConfiguration section */
		4EC95445182BBD020065C93D /* Debug */ = {
			isa = XCBuildConfiguration;
			buildSettings = {
				ALWAYS_SEARCH_USER_PATHS = NO;
				ARCHS = "$(ARCHS_STANDARD_INCLUDING_64_BIT)";
				CLANG_CXX_LANGUAGE_STANDARD = "gnu++0x";
				CLANG_CXX_LIBRARY = "libc++";
				CLANG_ENABLE_MODULES = YES;
				CLANG_ENABLE_OBJC_ARC = YES;
				CLANG_WARN_BOOL_CONVERSION = YES;
				CLANG_WARN_CONSTANT_CONVERSION = YES;
				CLANG_WARN_DIRECT_OBJC_ISA_USAGE = YES_ERROR;
				CLANG_WARN_EMPTY_BODY = YES;
				CLANG_WARN_ENUM_CONVERSION = YES;
				CLANG_WARN_INT_CONVERSION = YES;
				CLANG_WARN_OBJC_ROOT_CLASS = YES_ERROR;
				CLANG_WARN__DUPLICATE_METHOD_MATCH = YES;
				"CODE_SIGN_IDENTITY[sdk=iphoneos*]" = "iPhone Developer";
				COPY_PHASE_STRIP = NO;
				GCC_C_LANGUAGE_STANDARD = gnu99;
				GCC_DYNAMIC_NO_PIC = NO;
				GCC_OPTIMIZATION_LEVEL = 0;
				GCC_PREPROCESSOR_DEFINITIONS = (
					"DEBUG=1",
					"$(inherited)",
				);
				GCC_SYMBOLS_PRIVATE_EXTERN = NO;
				GCC_WARN_64_TO_32_BIT_CONVERSION = YES;
				GCC_WARN_ABOUT_RETURN_TYPE = YES_ERROR;
				GCC_WARN_UNDECLARED_SELECTOR = YES;
				GCC_WARN_UNINITIALIZED_AUTOS = YES;
				GCC_WARN_UNUSED_FUNCTION = YES;
				GCC_WARN_UNUSED_VARIABLE = YES;
				IPHONEOS_DEPLOYMENT_TARGET = 7.0;
				ONLY_ACTIVE_ARCH = YES;
				SDKROOT = iphoneos;
			};
			name = Debug;
		};
		4EC95446182BBD020065C93D /* Release */ = {
			isa = XCBuildConfiguration;
			buildSettings = {
				ALWAYS_SEARCH_USER_PATHS = NO;
				ARCHS = "$(ARCHS_STANDARD_INCLUDING_64_BIT)";
				CLANG_CXX_LANGUAGE_STANDARD = "gnu++0x";
				CLANG_CXX_LIBRARY = "libc++";
				CLANG_ENABLE_MODULES = YES;
				CLANG_ENABLE_OBJC_ARC = YES;
				CLANG_WARN_BOOL_CONVERSION = YES;
				CLANG_WARN_CONSTANT_CONVERSION = YES;
				CLANG_WARN_DIRECT_OBJC_ISA_USAGE = YES_ERROR;
				CLANG_WARN_EMPTY_BODY = YES;
				CLANG_WARN_ENUM_CONVERSION = YES;
				CLANG_WARN_INT_CONVERSION = YES;
				CLANG_WARN_OBJC_ROOT_CLASS = YES_ERROR;
				CLANG_WARN__DUPLICATE_METHOD_MATCH = YES;
				"CODE_SIGN_IDENTITY[sdk=iphoneos*]" = "iPhone Developer";
				COPY_PHASE_STRIP = YES;
				ENABLE_NS_ASSERTIONS = NO;
				GCC_C_LANGUAGE_STANDARD = gnu99;
				GCC_WARN_64_TO_32_BIT_CONVERSION = YES;
				GCC_WARN_ABOUT_RETURN_TYPE = YES_ERROR;
				GCC_WARN_UNDECLARED_SELECTOR = YES;
				GCC_WARN_UNINITIALIZED_AUTOS = YES;
				GCC_WARN_UNUSED_FUNCTION = YES;
				GCC_WARN_UNUSED_VARIABLE = YES;
				IPHONEOS_DEPLOYMENT_TARGET = 7.0;
				SDKROOT = iphoneos;
				VALIDATE_PRODUCT = YES;
			};
			name = Release;
		};
		4EC95448182BBD020065C93D /* Debug */ = {
			isa = XCBuildConfiguration;
			buildSettings = {
				ASSETCATALOG_COMPILER_APPICON_NAME = AppIcon;
				ASSETCATALOG_COMPILER_LAUNCHIMAGE_NAME = LaunchImage;
				CODE_SIGN_IDENTITY = "iPhone Developer";
				GCC_PRECOMPILE_PREFIX_HEADER = YES;
				GCC_PREFIX_HEADER = "MA4TV2/MA4TV2-Prefix.pch";
				INFOPLIST_FILE = "MA4TV2/MA4TV2-Info.plist";
				PRODUCT_NAME = "$(TARGET_NAME)";
				WRAPPER_EXTENSION = app;
			};
			name = Debug;
		};
		4EC95449182BBD020065C93D /* Release */ = {
			isa = XCBuildConfiguration;
			buildSettings = {
				ASSETCATALOG_COMPILER_APPICON_NAME = AppIcon;
				ASSETCATALOG_COMPILER_LAUNCHIMAGE_NAME = LaunchImage;
				CODE_SIGN_IDENTITY = "iPhone Developer";
				GCC_PRECOMPILE_PREFIX_HEADER = YES;
				GCC_PREFIX_HEADER = "MA4TV2/MA4TV2-Prefix.pch";
				INFOPLIST_FILE = "MA4TV2/MA4TV2-Info.plist";
				PRODUCT_NAME = "$(TARGET_NAME)";
				WRAPPER_EXTENSION = app;
			};
			name = Release;
		};
		4EC9544B182BBD020065C93D /* Debug */ = {
			isa = XCBuildConfiguration;
			buildSettings = {
				ARCHS = "$(ARCHS_STANDARD_INCLUDING_64_BIT)";
				BUNDLE_LOADER = "$(BUILT_PRODUCTS_DIR)/MA4TV2.app/MA4TV2";
				FRAMEWORK_SEARCH_PATHS = (
					"$(SDKROOT)/Developer/Library/Frameworks",
					"$(inherited)",
					"$(DEVELOPER_FRAMEWORKS_DIR)",
				);
				GCC_PRECOMPILE_PREFIX_HEADER = YES;
				GCC_PREFIX_HEADER = "MA4TV2/MA4TV2-Prefix.pch";
				GCC_PREPROCESSOR_DEFINITIONS = (
					"DEBUG=1",
					"$(inherited)",
				);
				INFOPLIST_FILE = "MA4TV2Tests/MA4TV2Tests-Info.plist";
				PRODUCT_NAME = "$(TARGET_NAME)";
				TEST_HOST = "$(BUNDLE_LOADER)";
				WRAPPER_EXTENSION = xctest;
			};
			name = Debug;
		};
		4EC9544C182BBD020065C93D /* Release */ = {
			isa = XCBuildConfiguration;
			buildSettings = {
				ARCHS = "$(ARCHS_STANDARD_INCLUDING_64_BIT)";
				BUNDLE_LOADER = "$(BUILT_PRODUCTS_DIR)/MA4TV2.app/MA4TV2";
				FRAMEWORK_SEARCH_PATHS = (
					"$(SDKROOT)/Developer/Library/Frameworks",
					"$(inherited)",
					"$(DEVELOPER_FRAMEWORKS_DIR)",
				);
				GCC_PRECOMPILE_PREFIX_HEADER = YES;
				GCC_PREFIX_HEADER = "MA4TV2/MA4TV2-Prefix.pch";
				INFOPLIST_FILE = "MA4TV2Tests/MA4TV2Tests-Info.plist";
				PRODUCT_NAME = "$(TARGET_NAME)";
				TEST_HOST = "$(BUNDLE_LOADER)";
				WRAPPER_EXTENSION = xctest;
			};
			name = Release;
		};
/* End XCBuildConfiguration section */

/* Begin XCConfigurationList section */
		4EC95416182BBD020065C93D /* Build configuration list for PBXProject "MA4TV2" */ = {
			isa = XCConfigurationList;
			buildConfigurations = (
				4EC95445182BBD020065C93D /* Debug */,
				4EC95446182BBD020065C93D /* Release */,
			);
			defaultConfigurationIsVisible = 0;
			defaultConfigurationName = Release;
		};
		4EC95447182BBD020065C93D /* Build configuration list for PBXNativeTarget "MA4TV2" */ = {
			isa = XCConfigurationList;
			buildConfigurations = (
				4EC95448182BBD020065C93D /* Debug */,
				4EC95449182BBD020065C93D /* Release */,
			);
			defaultConfigurationIsVisible = 0;
			defaultConfigurationName = Release;
		};
		4EC9544A182BBD020065C93D /* Build configuration list for PBXNativeTarget "MA4TV2Tests" */ = {
			isa = XCConfigurationList;
			buildConfigurations = (
				4EC9544B182BBD020065C93D /* Debug */,
				4EC9544C182BBD020065C93D /* Release */,
			);
			defaultConfigurationIsVisible = 0;
			defaultConfigurationName = Release;
		};
/* End XCConfigurationList section */
	};
	rootObject = 4EC95413182BBD020065C93D /* Project object */;
}
